dependencies:
- name: builder
  repository: oci://ghcr.io/kingdonb/hephy-workflow-beta
  version: 2.13.9
- name: slugbuilder
  repository: oci://ghcr.io/kingdonb/hephy-workflow-beta
  version: 2.8.1
- name: dockerbuilder
  repository: oci://ghcr.io/kingdonb/hephy-workflow-beta
  version: 2.8.4
- name: controller
  repository: oci://ghcr.io/kingdonb/hephy-workflow-beta
  version: 2.22.1
- name: slugrunner
  repository: oci://ghcr.io/kingdonb/hephy-workflow-beta
  version: 2.7.1
- name: database
  repository: oci://ghcr.io/kingdonb/hephy-workflow-beta
  version: 2.7.7
- name: fluentd
  repository: oci://ghcr.io/kingdonb/hephy-workflow-beta
  version: 2.15.2
- name: redis
  repository: oci://ghcr.io/kingdonb/hephy-workflow-beta
  version: 2.4.4
- name: logger
  repository: oci://ghcr.io/kingdonb/hephy-workflow-beta
  version: 2.5.2
- name: minio
  repository: oci://ghcr.io/kingdonb/hephy-workflow-beta
  version: 2.4.6
- name: monitor
  repository: oci://ghcr.io/kingdonb/hephy-workflow-beta
  version: 2.11.5
- name: nsqd
  repository: oci://ghcr.io/kingdonb/hephy-workflow-beta
  version: 2.5.3
- name: registry
  repository: oci://ghcr.io/kingdonb/hephy-workflow-beta
  version: 2.6.2
- name: registry-proxy
  repository: oci://ghcr.io/kingdonb/hephy-workflow-beta
  version: 1.5.2
- name: registry-token-refresher
  repository: oci://ghcr.io/kingdonb/hephy-workflow-beta
  version: 1.2.3
- name: router
  repository: oci://ghcr.io/kingdonb/hephy-workflow-beta
  version: 2.19.2
- name: workflow-manager
  repository: oci://ghcr.io/kingdonb/hephy-workflow-beta
  version: 2.6.3
digest: sha256:21ccb9a681478a021c55e683dce33d175aeaffb9bb9f1f31360bb5332397f31d
generated: "2023-09-26T13:51:34.511804-04:00"
